// !$*UTF8*$!
{
	archiveVersion = 1;
	classes = {
	};
	objectVersion = 56;
	objects = {

/* Begin PBXBuildFile section */
		6690A86C294AB50E004834B2 /* AppDelegate.m in Sources */ = {isa = PBXBuildFile; fileRef = 6690A86B294AB50E004834B2 /* AppDelegate.m */; };
		6690A86F294AB50E004834B2 /* SceneDelegate.m in Sources */ = {isa = PBXBuildFile; fileRef = 6690A86E294AB50E004834B2 /* SceneDelegate.m */; };
		6690A872294AB50E004834B2 /* ViewController.m in Sources */ = {isa = PBXBuildFile; fileRef = 6690A871294AB50E004834B2 /* ViewController.m */; };
		6690A875294AB50E004834B2 /* Main.storyboard in Resources */ = {isa = PBXBuildFile; fileRef = 6690A873294AB50E004834B2 /* Main.storyboard */; };
		6690A877294AB510004834B2 /* Assets.xcassets in Resources */ = {isa = PBXBuildFile; fileRef = 6690A876294AB510004834B2 /* Assets.xcassets */; };
		6690A87A294AB510004834B2 /* LaunchScreen.storyboard in Resources */ = {isa = PBXBuildFile; fileRef = 6690A878294AB510004834B2 /* LaunchScreen.storyboard */; };
		6690A87D294AB510004834B2 /* main.m in Sources */ = {isa = PBXBuildFile; fileRef = 6690A87C294AB510004834B2 /* main.m */; };
		DFA79EAACAFE97061E6DDC03 /* libPods-ReactNativeBook.a in Frameworks */ = {isa = PBXBuildFile; fileRef = 5139D1D1B5027F9981E02B71 /* libPods-ReactNativeBook.a */; };
/* End PBXBuildFile section */

/* Begin PBXFileReference section */
		5139D1D1B5027F9981E02B71 /* libPods-ReactNativeBook.a */ = {isa = PBXFileReference; explicitFileType = archive.ar; includeInIndex = 0; path = "libPods-ReactNativeBook.a"; sourceTree = BUILT_PRODUCTS_DIR; };
		6690A867294AB50E004834B2 /* ReactNativeBook.app */ = {isa = PBXFileReference; explicitFileType = wrapper.application; includeInIndex = 0; path = ReactNativeBook.app; sourceTree = BUILT_PRODUCTS_DIR; };
		6690A86A294AB50E004834B2 /* AppDelegate.h */ = {isa = PBXFileReference; lastKnownFileType = sourcecode.c.h; path = AppDelegate.h; sourceTree = "<group>"; };
		6690A86B294AB50E004834B2 /* AppDelegate.m */ = {isa = PBXFileReference; lastKnownFileType = sourcecode.c.objc; path = AppDelegate.m; sourceTree = "<group>"; };
		6690A86D294AB50E004834B2 /* SceneDelegate.h */ = {isa = PBXFileReference; lastKnownFileType = sourcecode.c.h; path = SceneDelegate.h; sourceTree = "<group>"; };
		6690A86E294AB50E004834B2 /* SceneDelegate.m */ = {isa = PBXFileReference; lastKnownFileType = sourcecode.c.objc; path = SceneDelegate.m; sourceTree = "<group>"; };
		6690A870294AB50E004834B2 /* ViewController.h */ = {isa = PBXFileReference; lastKnownFileType = sourcecode.c.h; path = ViewController.h; sourceTree = "<group>"; };
		6690A871294AB50E004834B2 /* ViewController.m */ = {isa = PBXFileReference; lastKnownFileType = sourcecode.c.objc; path = ViewController.m; sourceTree = "<group>"; };
		6690A874294AB50E004834B2 /* Base */ = {isa = PBXFileReference; lastKnownFileType = file.storyboard; name = Base; path = Base.lproj/Main.storyboard; sourceTree = "<group>"; };
		6690A876294AB510004834B2 /* Assets.xcassets */ = {isa = PBXFileReference; lastKnownFileType = folder.assetcatalog; path = Assets.xcassets; sourceTree = "<group>"; };
		6690A879294AB510004834B2 /* Base */ = {isa = PBXFileReference; lastKnownFileType = file.storyboard; name = Base; path = Base.lproj/LaunchScreen.storyboard; sourceTree = "<group>"; };
		6690A87B294AB510004834B2 /* Info.plist */ = {isa = PBXFileReference; lastKnownFileType = text.plist.xml; path = Info.plist; sourceTree = "<group>"; };
		6690A87C294AB510004834B2 /* main.m */ = {isa = PBXFileReference; lastKnownFileType = sourcecode.c.objc; path = main.m; sourceTree = "<group>"; };
		B4AFAC13A2792124D4B4742C /* Pods-ReactNativeBook.release.xcconfig */ = {isa = PBXFileReference; includeInIndex = 1; lastKnownFileType = text.xcconfig; name = "Pods-ReactNativeBook.release.xcconfig"; path = "Target Support Files/Pods-ReactNativeBook/Pods-ReactNativeBook.release.xcconfig"; sourceTree = "<group>"; };
		F2FE72505978B487C4F1C7AF /* Pods-ReactNativeBook.debug.xcconfig */ = {isa = PBXFileReference; includeInIndex = 1; lastKnownFileType = text.xcconfig; name = "Pods-ReactNativeBook.debug.xcconfig"; path = "Target Support Files/Pods-ReactNativeBook/Pods-ReactNativeBook.debug.xcconfig"; sourceTree = "<group>"; };
/* End PBXFileReference section */

/* Begin PBXFrameworksBuildPhase section */
		6690A864294AB50E004834B2 /* Frameworks */ = {
			isa = PBXFrameworksBuildPhase;
			buildActionMask = 2147483647;
			files = (
				DFA79EAACAFE97061E6DDC03 /* libPods-ReactNativeBook.a in Frameworks */,
			);
			runOnlyForDeploymentPostprocessing = 0;
		};
/* End PBXFrameworksBuildPhase section */

/* Begin PBXGroup section */
		15EA14396E2FCAEF952FF65A /* Pods */ = {
			isa = PBXGroup;
			children = (
				F2FE72505978B487C4F1C7AF /* Pods-ReactNativeBook.debug.xcconfig */,
				B4AFAC13A2792124D4B4742C /* Pods-ReactNativeBook.release.xcconfig */,
			);
			path = Pods;
			sourceTree = "<group>";
		};
		338EC5927536F14CB7AA827A /* Frameworks */ = {
			isa = PBXGroup;
			children = (
				5139D1D1B5027F9981E02B71 /* libPods-ReactNativeBook.a */,
			);
			name = Frameworks;
			sourceTree = "<group>";
		};
		6690A85E294AB50E004834B2 = {
			isa = PBXGroup;
			children = (
				6690A869294AB50E004834B2 /* ReactNativeBook */,
				6690A868294AB50E004834B2 /* Products */,
				15EA14396E2FCAEF952FF65A /* Pods */,
				338EC5927536F14CB7AA827A /* Frameworks */,
			);
			sourceTree = "<group>";
		};
		6690A868294AB50E004834B2 /* Products */ = {
			isa = PBXGroup;
			children = (
				6690A867294AB50E004834B2 /* ReactNativeBook.app */,
			);
			name = Products;
			sourceTree = "<group>";
		};
		6690A869294AB50E004834B2 /* ReactNativeBook */ = {
			isa = PBXGroup;
			children = (
				6690A86A294AB50E004834B2 /* AppDelegate.h */,
				6690A86B294AB50E004834B2 /* AppDelegate.m */,
				6690A86D294AB50E004834B2 /* SceneDelegate.h */,
				6690A86E294AB50E004834B2 /* SceneDelegate.m */,
				6690A870294AB50E004834B2 /* ViewController.h */,
				6690A871294AB50E004834B2 /* ViewController.m */,
				6690A873294AB50E004834B2 /* Main.storyboard */,
				6690A876294AB510004834B2 /* Assets.xcassets */,
				6690A878294AB510004834B2 /* LaunchScreen.storyboard */,
				6690A87B294AB510004834B2 /* Info.plist */,
				6690A87C294AB510004834B2 /* main.m */,
			);
			path = ReactNativeBook;
			sourceTree = "<group>";
		};
/* End PBXGroup section */

/* Begin PBXNativeTarget section */
		6690A866294AB50E004834B2 /* ReactNativeBook */ = {
			isa = PBXNativeTarget;
			buildConfigurationList = 6690A880294AB510004834B2 /* Build configuration list for PBXNativeTarget "ReactNativeBook" */;
			buildPhases = (
				08E01800E458C9D6379876B9 /* [CP] Check Pods Manifest.lock */,
				6690A863294AB50E004834B2 /* Sources */,
				6690A864294AB50E004834B2 /* Frameworks */,
				6690A865294AB50E004834B2 /* Resources */,
				8084FD467F27F0024CA80BCD /* [CP] Embed Pods Frameworks */,
				D5015D25EDA463369FDE8164 /* [CP] Copy Pods Resources */,
			);
			buildRules = (
			);
			dependencies = (
			);
			name = ReactNativeBook;
			productName = ReactNativeBook;
			productReference = 6690A867294AB50E004834B2 /* ReactNativeBook.app */;
			productType = "com.apple.product-type.application";
		};
/* End PBXNativeTarget section */

/* Begin PBXProject section */
		6690A85F294AB50E004834B2 /* Project object */ = {
			isa = PBXProject;
			attributes = {
				BuildIndependentTargetsInParallel = 1;
				LastUpgradeCheck = 1410;
				ORGANIZATIONNAME = Xcoder1011;
				TargetAttributes = {
					6690A866294AB50E004834B2 = {
						CreatedOnToolsVersion = 14.1;
					};
				};
			};
			buildConfigurationList = 6690A862294AB50E004834B2 /* Build configuration list for PBXProject "ReactNativeBook" */;
			compatibilityVersion = "Xcode 14.0";
			developmentRegion = en;
			hasScannedForEncodings = 0;
			knownRegions = (
				en,
				Base,
			);
			mainGroup = 6690A85E294AB50E004834B2;
			productRefGroup = 6690A868294AB50E004834B2 /* Products */;
			projectDirPath = "";
			projectRoot = "";
			targets = (
				6690A866294AB50E004834B2 /* ReactNativeBook */,
			);
		};
/* End PBXProject section */

/* Begin PBXResourcesBuildPhase section */
		6690A865294AB50E004834B2 /* Resources */ = {
			isa = PBXResourcesBuildPhase;
			buildActionMask = 2147483647;
			files = (
				6690A87A294AB510004834B2 /* LaunchScreen.storyboard in Resources */,
				6690A877294AB510004834B2 /* Assets.xcassets in Resources */,
				6690A875294AB50E004834B2 /* Main.storyboard in Resources */,
			);
			runOnlyForDeploymentPostprocessing = 0;
		};
/* End PBXResourcesBuildPhase section */

/* Begin PBXShellScriptBuildPhase section */
		08E01800E458C9D6379876B9 /* [CP] Check Pods Manifest.lock */ = {
			isa = PBXShellScriptBuildPhase;
			buildActionMask = 2147483647;
			files = (
			);
			inputFileListPaths = (
			);
			inputPaths = (
				"${PODS_PODFILE_DIR_PATH}/Podfile.lock",
				"${PODS_ROOT}/Manifest.lock",
			);
			name = "[CP] Check Pods Manifest.lock";
			outputFileListPaths = (
			);
			outputPaths = (
				"$(DERIVED_FILE_DIR)/Pods-ReactNativeBook-checkManifestLockResult.txt",
			);
			runOnlyForDeploymentPostprocessing = 0;
			shellPath = /bin/sh;
			shellScript = "diff \"${PODS_PODFILE_DIR_PATH}/Podfile.lock\" \"${PODS_ROOT}/Manifest.lock\" > /dev/null\nif [ $? != 0 ] ; then\n    # print error to STDERR\n    echo \"error: The sandbox is not in sync with the Podfile.lock. Run 'pod install' or update your CocoaPods installation.\" >&2\n    exit 1\nfi\n# This output is used by Xcode 'outputs' to avoid re-running this script phase.\necho \"SUCCESS\" > \"${SCRIPT_OUTPUT_FILE_0}\"\n";
			showEnvVarsInLog = 0;
		};
		8084FD467F27F0024CA80BCD /* [CP] Embed Pods Frameworks */ = {
			isa = PBXShellScriptBuildPhase;
			buildActionMask = 2147483647;
			files = (
			);
			inputFileListPaths = (
				"${PODS_ROOT}/Target Support Files/Pods-ReactNativeBook/Pods-ReactNativeBook-frameworks-${CONFIGURATION}-input-files.xcfilelist",
			);
			name = "[CP] Embed Pods Frameworks";
			outputFileListPaths = (
				"${PODS_ROOT}/Target Support Files/Pods-ReactNativeBook/Pods-ReactNativeBook-frameworks-${CONFIGURATION}-output-files.xcfilelist",
			);
			runOnlyForDeploymentPostprocessing = 0;
			shellPath = /bin/sh;
			shellScript = "\"${PODS_ROOT}/Target Support Files/Pods-ReactNativeBook/Pods-ReactNativeBook-frameworks.sh\"\n";
			showEnvVarsInLog = 0;
		};
		D5015D25EDA463369FDE8164 /* [CP] Copy Pods Resources */ = {
			isa = PBXShellScriptBuildPhase;
			buildActionMask = 2147483647;
			files = (
			);
			inputFileListPaths = (
				"${PODS_ROOT}/Target Support Files/Pods-ReactNativeBook/Pods-ReactNativeBook-resources-${CONFIGURATION}-input-files.xcfilelist",
			);
			name = "[CP] Copy Pods Resources";
			outputFileListPaths = (
				"${PODS_ROOT}/Target Support Files/Pods-ReactNativeBook/Pods-ReactNativeBook-resources-${CONFIGURATION}-output-files.xcfilelist",
			);
			runOnlyForDeploymentPostprocessing = 0;
			shellPath = /bin/sh;
			shellScript = "\"${PODS_ROOT}/Target Support Files/Pods-ReactNativeBook/Pods-ReactNativeBook-resources.sh\"\n";
			showEnvVarsInLog = 0;
		};
/* End PBXShellScriptBuildPhase section */

/* Begin PBXSourcesBuildPhase section */
		6690A863294AB50E004834B2 /* Sources */ = {
			isa = PBXSourcesBuildPhase;
			buildActionMask = 2147483647;
			files = (
				6690A872294AB50E004834B2 /* ViewController.m in Sources */,
				6690A86C294AB50E004834B2 /* AppDelegate.m in Sources */,
				6690A87D294AB510004834B2 /* main.m in Sources */,
				6690A86F294AB50E004834B2 /* SceneDelegate.m in Sources */,
			);
			runOnlyForDeploymentPostprocessing = 0;
		};
/* End PBXSourcesBuildPhase section */

/* Begin PBXVariantGroup section */
		6690A873294AB50E004834B2 /* Main.storyboard */ = {
			isa = PBXVariantGroup;
			children = (
				6690A874294AB50E004834B2 /* Base */,
			);
			name = Main.storyboard;
			sourceTree = "<group>";
		};
		6690A878294AB510004834B2 /* LaunchScreen.storyboard */ = {
			isa = PBXVariantGroup;
			children = (
				6690A879294AB510004834B2 /* Base */,
			);
			name = LaunchScreen.storyboard;
			sourceTree = "<group>";
		};
/* End PBXVariantGroup section */

/* Begin XCBuildConfiguration section */
		6690A87E294AB510004834B2 /* Debug */ = {
			isa = XCBuildConfiguration;
			buildSettings = {
				ALWAYS_SEARCH_USER_PATHS = NO;
				CLANG_ANALYZER_NONNULL = YES;
				CLANG_ANALYZER_NUMBER_OBJECT_CONVERSION = YES_AGGRESSIVE;
				CLANG_CXX_LANGUAGE_STANDARD = "c++17";
				CLANG_ENABLE_MODULES = YES;
				CLANG_ENABLE_OBJC_ARC = YES;
				CLANG_ENABLE_OBJC_WEAK = YES;
				CLANG_WARN_BLOCK_CAPTURE_AUTORELEASING = YES;
				CLANG_WARN_BOOL_CONVERSION = YES;
				CLANG_WARN_COMMA = YES;
				CLANG_WARN_CONSTANT_CONVERSION = YES;
				CLANG_WARN_DEPRECATED_OBJC_IMPLEMENTATIONS = YES;
				CLANG_WARN_DIRECT_OBJC_ISA_USAGE = YES_ERROR;
				CLANG_WARN_DOCUMENTATION_COMMENTS = YES;
				CLANG_WARN_EMPTY_BODY = YES;
				CLANG_WARN_ENUM_CONVERSION = YES;
				CLANG_WARN_INFINITE_RECURSION = YES;
				CLANG_WARN_INT_CONVERSION = YES;
				CLANG_WARN_NON_LITERAL_NULL_CONVERSION = YES;
				CLANG_WARN_OBJC_IMPLICIT_RETAIN_SELF = YES;
				CLANG_WARN_OBJC_LITERAL_CONVERSION = YES;
				CLANG_WARN_OBJC_ROOT_CLASS = YES_ERROR;
				CLANG_WARN_QUOTED_INCLUDE_IN_FRAMEWORK_HEADER = YES;
				CLANG_WARN_RANGE_LOOP_ANALYSIS = YES;
				CLANG_WARN_STRICT_PROTOTYPES = YES;
				CLANG_WARN_SUSPICIOUS_MOVE = YES;
				CLANG_WARN_UNGUARDED_AVAILABILITY = YES_AGGRESSIVE;
				CLANG_WARN_UNREACHABLE_CODE = YES;
				CLANG_WARN__DUPLICATE_METHOD_MATCH = YES;
				COPY_PHASE_STRIP = NO;
				DEBUG_INFORMATION_FORMAT = dwarf;
				ENABLE_STRICT_OBJC_MSGSEND = YES;
				ENABLE_TESTABILITY = YES;
				"EXCLUDED_ARCHS[sdk=iphonesimulator*]" = i386;
				GCC_C_LANGUAGE_STANDARD = gnu11;
				GCC_DYNAMIC_NO_PIC = NO;
				GCC_NO_COMMON_BLOCKS = YES;
				GCC_OPTIMIZATION_LEVEL = 0;
				GCC_PREPROCESSOR_DEFINITIONS = (
					"DEBUG=1",
					"$(inherited)",
				);
				GCC_WARN_64_TO_32_BIT_CONVERSION = YES;
				GCC_WARN_ABOUT_RETURN_TYPE = YES_ERROR;
				GCC_WARN_UNDECLARED_SELECTOR = YES;
				GCC_WARN_UNINITIALIZED_AUTOS = YES_AGGRESSIVE;
				GCC_WARN_UNUSED_FUNCTION = YES;
				GCC_WARN_UNUSED_VARIABLE = YES;
				IPHONEOS_DEPLOYMENT_TARGET = 12.4;
				MTL_ENABLE_DEBUG_INFO = INCLUDE_SOURCE;
				MTL_FAST_MATH = YES;
				ONLY_ACTIVE_ARCH = YES;
				REACT_NATIVE_PATH = "${PODS_ROOT}/../../node_modules/react-native";
				SDKROOT = iphoneos;
			};
			name = Debug;
		};
		6690A87F294AB510004834B2 /* Release */ = {
			isa = XCBuildConfiguration;
			buildSettings = {
				ALWAYS_SEARCH_USER_PATHS = NO;
				CLANG_ANALYZER_NONNULL = YES;
				CLANG_ANALYZER_NUMBER_OBJECT_CONVERSION = YES_AGGRESSIVE;
				CLANG_CXX_LANGUAGE_STANDARD = "c++17";
				CLANG_ENABLE_MODULES = YES;
				CLANG_ENABLE_OBJC_ARC = YES;
				CLANG_ENABLE_OBJC_WEAK = YES;
				CLANG_WARN_BLOCK_CAPTURE_AUTORELEASING = YES;
				CLANG_WARN_BOOL_CONVERSION = YES;
				CLANG_WARN_COMMA = YES;
				CLANG_WARN_CONSTANT_CONVERSION = YES;
				CLANG_WARN_DEPRECATED_OBJC_IMPLEMENTATIONS = YES;
				CLANG_WARN_DIRECT_OBJC_ISA_USAGE = YES_ERROR;
				CLANG_WARN_DOCUMENTATION_COMMENTS = YES;
				CLANG_WARN_EMPTY_BODY = YES;
				CLANG_WARN_ENUM_CONVERSION = YES;
				CLANG_WARN_INFINITE_RECURSION = YES;
				CLANG_WARN_INT_CONVERSION = YES;
				CLANG_WARN_NON_LITERAL_NULL_CONVERSION = YES;
				CLANG_WARN_OBJC_IMPLICIT_RETAIN_SELF = YES;
				CLANG_WARN_OBJC_LITERAL_CONVERSION = YES;
				CLANG_WARN_OBJC_ROOT_CLASS = YES_ERROR;
				CLANG_WARN_QUOTED_INCLUDE_IN_FRAMEWORK_HEADER = YES;
				CLANG_WARN_RANGE_LOOP_ANALYSIS = YES;
				CLANG_WARN_STRICT_PROTOTYPES = YES;
				CLANG_WARN_SUSPICIOUS_MOVE = YES;
				CLANG_WARN_UNGUARDED_AVAILABILITY = YES_AGGRESSIVE;
				CLANG_WARN_UNREACHABLE_CODE = YES;
				CLANG_WARN__DUPLICATE_METHOD_MATCH = YES;
				COPY_PHASE_STRIP = NO;
				DEBUG_INFORMATION_FORMAT = "dwarf-with-dsym";
				ENABLE_NS_ASSERTIONS = NO;
				ENABLE_STRICT_OBJC_MSGSEND = YES;
				"EXCLUDED_ARCHS[sdk=iphonesimulator*]" = i386;
				GCC_C_LANGUAGE_STANDARD = gnu11;
				GCC_NO_COMMON_BLOCKS = YES;
				GCC_WARN_64_TO_32_BIT_CONVERSION = YES;
				GCC_WARN_ABOUT_RETURN_TYPE = YES_ERROR;
				GCC_WARN_UNDECLARED_SELECTOR = YES;
				GCC_WARN_UNINITIALIZED_AUTOS = YES_AGGRESSIVE;
				GCC_WARN_UNUSED_FUNCTION = YES;
				GCC_WARN_UNUSED_VARIABLE = YES;
				IPHONEOS_DEPLOYMENT_TARGET = 12.4;
				MTL_ENABLE_DEBUG_INFO = NO;
				MTL_FAST_MATH = YES;
				REACT_NATIVE_PATH = "${PODS_ROOT}/../../node_modules/react-native";
				SDKROOT = iphoneos;
				VALIDATE_PRODUCT = YES;
			};
			name = Release;
		};
		6690A881294AB510004834B2 /* Debug */ = {
			isa = XCBuildConfiguration;
			baseConfigurationReference = F2FE72505978B487C4F1C7AF /* Pods-ReactNativeBook.debug.xcconfig */;
			buildSettings = {
				ASSETCATALOG_COMPILER_APPICON_NAME = AppIcon;
				ASSETCATALOG_COMPILER_GLOBAL_ACCENT_COLOR_NAME = AccentColor;
				CODE_SIGN_IDENTITY = "Apple Development";
				CODE_SIGN_STYLE = Automatic;
				CURRENT_PROJECT_VERSION = 1;
				DEVELOPMENT_TEAM = G8BC9H85K3;
				GENERATE_INFOPLIST_FILE = YES;
				INFOPLIST_FILE = ReactNativeBook/Info.plist;
				INFOPLIST_KEY_UIApplicationSupportsIndirectInputEvents = YES;
				INFOPLIST_KEY_UILaunchStoryboardName = LaunchScreen;
				INFOPLIST_KEY_UIMainStoryboardFile = Main;
				INFOPLIST_KEY_UISupportedInterfaceOrientations_iPad = "UIInterfaceOrientationPortrait UIInterfaceOrientationPortraitUpsideDown UIInterfaceOrientationLandscapeLeft UIInterfaceOrientationLandscapeRight";
				INFOPLIST_KEY_UISupportedInterfaceOrientations_iPhone = "UIInterfaceOrientationPortrait UIInterfaceOrientationLandscapeLeft UIInterfaceOrientationLandscapeRight";
				IPHONEOS_DEPLOYMENT_TARGET = 12.4;
				LD_RUNPATH_SEARCH_PATHS = (
					"$(inherited)",
					"@executable_path/Frameworks",
				);
				MARKETING_VERSION = 1.0;
				PRODUCT_BUNDLE_IDENTIFIER = com.kun.ReactNativeBook;
				PRODUCT_NAME = "$(TARGET_NAME)";
				PROVISIONING_PROFILE_SPECIFIER = "";
				SWIFT_EMIT_LOC_STRINGS = YES;
				TARGETED_DEVICE_FAMILY = "1,2";
			};
			name = Debug;
		};
		6690A882294AB510004834B2 /* Release */ = {
			isa = XCBuildConfiguration;
			baseConfigurationReference = B4AFAC13A2792124D4B4742C /* Pods-ReactNativeBook.release.xcconfig */;
			buildSettings = {
				ASSETCATALOG_COMPILER_APPICON_NAME = AppIcon;
				ASSETCATALOG_COMPILER_GLOBAL_ACCENT_COLOR_NAME = AccentColor;
				CODE_SIGN_IDENTITY = "Apple Development";
				CODE_SIGN_STYLE = Automatic;
				CURRENT_PROJECT_VERSION = 1;
				DEVELOPMENT_TEAM = G8BC9H85K3;
				GENERATE_INFOPLIST_FILE = YES;
				INFOPLIST_FILE = ReactNativeBook/Info.plist;
				INFOPLIST_KEY_UIApplicationSupportsIndirectInputEvents = YES;
				INFOPLIST_KEY_UILaunchStoryboardName = LaunchScreen;
				INFOPLIST_KEY_UIMainStoryboardFile = Main;
				INFOPLIST_KEY_UISupportedInterfaceOrientations_iPad = "UIInterfaceOrientationPortrait UIInterfaceOrientationPortraitUpsideDown UIInterfaceOrientationLandscapeLeft UIInterfaceOrientationLandscapeRight";
				INFOPLIST_KEY_UISupportedInterfaceOrientations_iPhone = "UIInterfaceOrientationPortrait UIInterfaceOrientationLandscapeLeft UIInterfaceOrientationLandscapeRight";
				IPHONEOS_DEPLOYMENT_TARGET = 12.4;
				LD_RUNPATH_SEARCH_PATHS = (
					"$(inherited)",
					"@executable_path/Frameworks",
				);
				MARKETING_VERSION = 1.0;
				PRODUCT_BUNDLE_IDENTIFIER = com.kun.ReactNativeBook;
				PRODUCT_NAME = "$(TARGET_NAME)";
				PROVISIONING_PROFILE_SPECIFIER = "";
				SWIFT_EMIT_LOC_STRINGS = YES;
				TARGETED_DEVICE_FAMILY = "1,2";
			};
			name = Release;
		};
/* End XCBuildConfiguration section */

/* Begin XCConfigurationList section */
		6690A862294AB50E004834B2 /* Build configuration list for PBXProject "ReactNativeBook" */ = {
			isa = XCConfigurationList;
			buildConfigurations = (
				6690A87E294AB510004834B2 /* Debug */,
				6690A87F294AB510004834B2 /* Release */,
			);
			defaultConfigurationIsVisible = 0;
			defaultConfigurationName = Release;
		};
		6690A880294AB510004834B2 /* Build configuration list for PBXNativeTarget "ReactNativeBook" */ = {
			isa = XCConfigurationList;
			buildConfigurations = (
				6690A881294AB510004834B2 /* Debug */,
				6690A882294AB510004834B2 /* Release */,
			);
			defaultConfigurationIsVisible = 0;
			defaultConfigurationName = Release;
		};
/* End XCConfigurationList section */
	};
	rootObject = 6690A85F294AB50E004834B2 /* Project object */;
}
